// !$*UTF8*$!
{
	archiveVersion = 1;
	classes = {
	};
	objectVersion = 56;
	objects = {

/* Begin PBXBuildFile section */
		D0A62CE82B4F702E000E0420 /* Foster_Lancaster_OfficialApp.swift in Sources */ = {isa = PBXBuildFile; fileRef = D0A62CE72B4F702E000E0420 /* Foster_Lancaster_OfficialApp.swift */; };
		D0A62CEA2B4F702E000E0420 /* ContentView.swift in Sources */ = {isa = PBXBuildFile; fileRef = D0A62CE92B4F702E000E0420 /* ContentView.swift */; };
		D0A62CEC2B4F702F000E0420 /* Assets.xcassets in Resources */ = {isa = PBXBuildFile; fileRef = D0A62CEB2B4F702F000E0420 /* Assets.xcassets */; };
		D0A62CF02B4F702F000E0420 /* Preview Assets.xcassets in Resources */ = {isa = PBXBuildFile; fileRef = D0A62CEF2B4F702F000E0420 /* Preview Assets.xcassets */; };
		D0A62CFA2B4F702F000E0420 /* Foster_Lancaster_OfficialTests.swift in Sources */ = {isa = PBXBuildFile; fileRef = D0A62CF92B4F702F000E0420 /* Foster_Lancaster_OfficialTests.swift */; };
		D0A62D042B4F702F000E0420 /* Foster_Lancaster_OfficialUITests.swift in Sources */ = {isa = PBXBuildFile; fileRef = D0A62D032B4F702F000E0420 /* Foster_Lancaster_OfficialUITests.swift */; };
		D0A62D062B4F702F000E0420 /* Foster_Lancaster_OfficialUITestsLaunchTests.swift in Sources */ = {isa = PBXBuildFile; fileRef = D0A62D052B4F702F000E0420 /* Foster_Lancaster_OfficialUITestsLaunchTests.swift */; };
/* End PBXBuildFile section */

/* Begin PBXContainerItemProxy section */
		D0A62CF62B4F702F000E0420 /* PBXContainerItemProxy */ = {
			isa = PBXContainerItemProxy;
			containerPortal = D0A62CDC2B4F702E000E0420 /* Project object */;
			proxyType = 1;
			remoteGlobalIDString = D0A62CE32B4F702E000E0420;
			remoteInfo = "Foster Lancaster Official";
		};
		D0A62D002B4F702F000E0420 /* PBXContainerItemProxy */ = {
			isa = PBXContainerItemProxy;
			containerPortal = D0A62CDC2B4F702E000E0420 /* Project object */;
			proxyType = 1;
			remoteGlobalIDString = D0A62CE32B4F702E000E0420;
			remoteInfo = "Foster Lancaster Official";
		};
/* End PBXContainerItemProxy section */

/* Begin PBXFileReference section */
		D0A62CE42B4F702E000E0420 /* Foster Lancaster Official.app */ = {isa = PBXFileReference; explicitFileType = wrapper.application; includeInIndex = 0; path = "Foster Lancaster Official.app"; sourceTree = BUILT_PRODUCTS_DIR; };
		D0A62CE72B4F702E000E0420 /* Foster_Lancaster_OfficialApp.swift */ = {isa = PBXFileReference; lastKnownFileType = sourcecode.swift; path = Foster_Lancaster_OfficialApp.swift; sourceTree = "<group>"; };
		D0A62CE92B4F702E000E0420 /* ContentView.swift */ = {isa = PBXFileReference; lastKnownFileType = sourcecode.swift; path = ContentView.swift; sourceTree = "<group>"; };
		D0A62CEB2B4F702F000E0420 /* Assets.xcassets */ = {isa = PBXFileReference; lastKnownFileType = folder.assetcatalog; path = Assets.xcassets; sourceTree = "<group>"; };
		D0A62CED2B4F702F000E0420 /* Foster_Lancaster_Official.entitlements */ = {isa = PBXFileReference; lastKnownFileType = text.plist.entitlements; path = Foster_Lancaster_Official.entitlements; sourceTree = "<group>"; };
		D0A62CEF2B4F702F000E0420 /* Preview Assets.xcassets */ = {isa = PBXFileReference; lastKnownFileType = folder.assetcatalog; path = "Preview Assets.xcassets"; sourceTree = "<group>"; };
		D0A62CF52B4F702F000E0420 /* Foster Lancaster OfficialTests.xctest */ = {isa = PBXFileReference; explicitFileType = wrapper.cfbundle; includeInIndex = 0; path = "Foster Lancaster OfficialTests.xctest"; sourceTree = BUILT_PRODUCTS_DIR; };
		D0A62CF92B4F702F000E0420 /* Foster_Lancaster_OfficialTests.swift */ = {isa = PBXFileReference; lastKnownFileType = sourcecode.swift; path = Foster_Lancaster_OfficialTests.swift; sourceTree = "<group>"; };
		D0A62CFF2B4F702F000E0420 /* Foster Lancaster OfficialUITests.xctest */ = {isa = PBXFileReference; explicitFileType = wrapper.cfbundle; includeInIndex = 0; path = "Foster Lancaster OfficialUITests.xctest"; sourceTree = BUILT_PRODUCTS_DIR; };
		D0A62D032B4F702F000E0420 /* Foster_Lancaster_OfficialUITests.swift */ = {isa = PBXFileReference; lastKnownFileType = sourcecode.swift; path = Foster_Lancaster_OfficialUITests.swift; sourceTree = "<group>"; };
		D0A62D052B4F702F000E0420 /* Foster_Lancaster_OfficialUITestsLaunchTests.swift */ = {isa = PBXFileReference; lastKnownFileType = sourcecode.swift; path = Foster_Lancaster_OfficialUITestsLaunchTests.swift; sourceTree = "<group>"; };
/* End PBXFileReference section */

/* Begin PBXFrameworksBuildPhase section */
		D0A62CE12B4F702E000E0420 /* Frameworks */ = {
			isa = PBXFrameworksBuildPhase;
			buildActionMask = 2147483647;
			files = (
			);
			runOnlyForDeploymentPostprocessing = 0;
		};
		D0A62CF22B4F702F000E0420 /* Frameworks */ = {
			isa = PBXFrameworksBuildPhase;
			buildActionMask = 2147483647;
			files = (
			);
			runOnlyForDeploymentPostprocessing = 0;
		};
		D0A62CFC2B4F702F000E0420 /* Frameworks */ = {
			isa = PBXFrameworksBuildPhase;
			buildActionMask = 2147483647;
			files = (
			);
			runOnlyForDeploymentPostprocessing = 0;
		};
/* End PBXFrameworksBuildPhase section */

/* Begin PBXGroup section */
		D0A62CDB2B4F702E000E0420 = {
			isa = PBXGroup;
			children = (
				D0A62CE62B4F702E000E0420 /* Foster Lancaster Official */,
				D0A62CF82B4F702F000E0420 /* Foster Lancaster OfficialTests */,
				D0A62D022B4F702F000E0420 /* Foster Lancaster OfficialUITests */,
				D0A62CE52B4F702E000E0420 /* Products */,
			);
			sourceTree = "<group>";
		};
		D0A62CE52B4F702E000E0420 /* Products */ = {
			isa = PBXGroup;
			children = (
				D0A62CE42B4F702E000E0420 /* Foster Lancaster Official.app */,
				D0A62CF52B4F702F000E0420 /* Foster Lancaster OfficialTests.xctest */,
				D0A62CFF2B4F702F000E0420 /* Foster Lancaster OfficialUITests.xctest */,
			);
			name = Products;
			sourceTree = "<group>";
		};
		D0A62CE62B4F702E000E0420 /* Foster Lancaster Official */ = {
			isa = PBXGroup;
			children = (
				D0A62CE72B4F702E000E0420 /* Foster_Lancaster_OfficialApp.swift */,
				D0A62CE92B4F702E000E0420 /* ContentView.swift */,
				D0A62CEB2B4F702F000E0420 /* Assets.xcassets */,
				D0A62CED2B4F702F000E0420 /* Foster_Lancaster_Official.entitlements */,
				D0A62CEE2B4F702F000E0420 /* Preview Content */,
			);
			path = "Foster Lancaster Official";
			sourceTree = "<group>";
		};
		D0A62CEE2B4F702F000E0420 /* Preview Content */ = {
			isa = PBXGroup;
			children = (
				D0A62CEF2B4F702F000E0420 /* Preview Assets.xcassets */,
			);
			path = "Preview Content";
			sourceTree = "<group>";
		};
		D0A62CF82B4F702F000E0420 /* Foster Lancaster OfficialTests */ = {
			isa = PBXGroup;
			children = (
				D0A62CF92B4F702F000E0420 /* Foster_Lancaster_OfficialTests.swift */,
			);
			path = "Foster Lancaster OfficialTests";
			sourceTree = "<group>";
		};
		D0A62D022B4F702F000E0420 /* Foster Lancaster OfficialUITests */ = {
			isa = PBXGroup;
			children = (
				D0A62D032B4F702F000E0420 /* Foster_Lancaster_OfficialUITests.swift */,
				D0A62D052B4F702F000E0420 /* Foster_Lancaster_OfficialUITestsLaunchTests.swift */,
			);
			path = "Foster Lancaster OfficialUITests";
			sourceTree = "<group>";
		};
/* End PBXGroup section */

/* Begin PBXNativeTarget section */
		D0A62CE32B4F702E000E0420 /* Foster Lancaster Official */ = {
			isa = PBXNativeTarget;
			buildConfigurationList = D0A62D092B4F702F000E0420 /* Build configuration list for PBXNativeTarget "Foster Lancaster Official" */;
			buildPhases = (
				D0A62CE02B4F702E000E0420 /* Sources */,
				D0A62CE12B4F702E000E0420 /* Frameworks */,
				D0A62CE22B4F702E000E0420 /* Resources */,
			);
			buildRules = (
			);
			dependencies = (
			);
			name = "Foster Lancaster Official";
			productName = "Foster Lancaster Official";
			productReference = D0A62CE42B4F702E000E0420 /* Foster Lancaster Official.app */;
			productType = "com.apple.product-type.application";
		};
		D0A62CF42B4F702F000E0420 /* Foster Lancaster OfficialTests */ = {
			isa = PBXNativeTarget;
			buildConfigurationList = D0A62D0C2B4F702F000E0420 /* Build configuration list for PBXNativeTarget "Foster Lancaster OfficialTests" */;
			buildPhases = (
				D0A62CF12B4F702F000E0420 /* Sources */,
				D0A62CF22B4F702F000E0420 /* Frameworks */,
				D0A62CF32B4F702F000E0420 /* Resources */,
			);
			buildRules = (
			);
			dependencies = (
				D0A62CF72B4F702F000E0420 /* PBXTargetDependency */,
			);
			name = "Foster Lancaster OfficialTests";
			productName = "Foster Lancaster OfficialTests";
			productReference = D0A62CF52B4F702F000E0420 /* Foster Lancaster OfficialTests.xctest */;
			productType = "com.apple.product-type.bundle.unit-test";
		};
		D0A62CFE2B4F702F000E0420 /* Foster Lancaster OfficialUITests */ = {
			isa = PBXNativeTarget;
			buildConfigurationList = D0A62D0F2B4F702F000E0420 /* Build configuration list for PBXNativeTarget "Foster Lancaster OfficialUITests" */;
			buildPhases = (
				D0A62CFB2B4F702F000E0420 /* Sources */,
				D0A62CFC2B4F702F000E0420 /* Frameworks */,
				D0A62CFD2B4F702F000E0420 /* Resources */,
			);
			buildRules = (
			);
			dependencies = (
				D0A62D012B4F702F000E0420 /* PBXTargetDependency */,
			);
			name = "Foster Lancaster OfficialUITests";
			productName = "Foster Lancaster OfficialUITests";
			productReference = D0A62CFF2B4F702F000E0420 /* Foster Lancaster OfficialUITests.xctest */;
			productType = "com.apple.product-type.bundle.ui-testing";
		};
/* End PBXNativeTarget section */

/* Begin PBXProject section */
		D0A62CDC2B4F702E000E0420 /* Project object */ = {
			isa = PBXProject;
			attributes = {
				BuildIndependentTargetsInParallel = 1;
				LastSwiftUpdateCheck = 1500;
				LastUpgradeCheck = 1500;
				TargetAttributes = {
					D0A62CE32B4F702E000E0420 = {
						CreatedOnToolsVersion = 15.0.1;
					};
					D0A62CF42B4F702F000E0420 = {
						CreatedOnToolsVersion = 15.0.1;
						TestTargetID = D0A62CE32B4F702E000E0420;
					};
					D0A62CFE2B4F702F000E0420 = {
						CreatedOnToolsVersion = 15.0.1;
						TestTargetID = D0A62CE32B4F702E000E0420;
					};
				};
			};
			buildConfigurationList = D0A62CDF2B4F702E000E0420 /* Build configuration list for PBXProject "Foster Lancaster Official" */;
			compatibilityVersion = "Xcode 14.0";
			developmentRegion = en;
			hasScannedForEncodings = 0;
			knownRegions = (
				en,
				Base,
			);
			mainGroup = D0A62CDB2B4F702E000E0420;
			productRefGroup = D0A62CE52B4F702E000E0420 /* Products */;
			projectDirPath = "";
			projectRoot = "";
			targets = (
				D0A62CE32B4F702E000E0420 /* Foster Lancaster Official */,
				D0A62CF42B4F702F000E0420 /* Foster Lancaster OfficialTests */,
				D0A62CFE2B4F702F000E0420 /* Foster Lancaster OfficialUITests */,
			);
		};
/* End PBXProject section */

/* Begin PBXResourcesBuildPhase section */
		D0A62CE22B4F702E000E0420 /* Resources */ = {
			isa = PBXResourcesBuildPhase;
			buildActionMask = 2147483647;
			files = (
				D0A62CF02B4F702F000E0420 /* Preview Assets.xcassets in Resources */,
				D0A62CEC2B4F702F000E0420 /* Assets.xcassets in Resources */,
			);
			runOnlyForDeploymentPostprocessing = 0;
		};
		D0A62CF32B4F702F000E0420 /* Resources */ = {
			isa = PBXResourcesBuildPhase;
			buildActionMask = 2147483647;
			files = (
			);
			runOnlyForDeploymentPostprocessing = 0;
		};
		D0A62CFD2B4F702F000E0420 /* Resources */ = {
			isa = PBXResourcesBuildPhase;
			buildActionMask = 2147483647;
			files = (
			);
			runOnlyForDeploymentPostprocessing = 0;
		};
/* End PBXResourcesBuildPhase section */

/* Begin PBXSourcesBuildPhase section */
		D0A62CE02B4F702E000E0420 /* Sources */ = {
			isa = PBXSourcesBuildPhase;
			buildActionMask = 2147483647;
			files = (
				D0A62CEA2B4F702E000E0420 /* ContentView.swift in Sources */,
				D0A62CE82B4F702E000E0420 /* Foster_Lancaster_OfficialApp.swift in Sources */,
			);
			runOnlyForDeploymentPostprocessing = 0;
		};
		D0A62CF12B4F702F000E0420 /* Sources */ = {
			isa = PBXSourcesBuildPhase;
			buildActionMask = 2147483647;
			files = (
				D0A62CFA2B4F702F000E0420 /* Foster_Lancaster_OfficialTests.swift in Sources */,
			);
			runOnlyForDeploymentPostprocessing = 0;
		};
		D0A62CFB2B4F702F000E0420 /* Sources */ = {
			isa = PBXSourcesBuildPhase;
			buildActionMask = 2147483647;
			files = (
				D0A62D062B4F702F000E0420 /* Foster_Lancaster_OfficialUITestsLaunchTests.swift in Sources */,
				D0A62D042B4F702F000E0420 /* Foster_Lancaster_OfficialUITests.swift in Sources */,
			);
			runOnlyForDeploymentPostprocessing = 0;
		};
/* End PBXSourcesBuildPhase section */

/* Begin PBXTargetDependency section */
		D0A62CF72B4F702F000E0420 /* PBXTargetDependency */ = {
			isa = PBXTargetDependency;
			target = D0A62CE32B4F702E000E0420 /* Foster Lancaster Official */;
			targetProxy = D0A62CF62B4F702F000E0420 /* PBXContainerItemProxy */;
		};
		D0A62D012B4F702F000E0420 /* PBXTargetDependency */ = {
			isa = PBXTargetDependency;
			target = D0A62CE32B4F702E000E0420 /* Foster Lancaster Official */;
			targetProxy = D0A62D002B4F702F000E0420 /* PBXContainerItemProxy */;
		};
/* End PBXTargetDependency section */

/* Begin XCBuildConfiguration section */
		D0A62D072B4F702F000E0420 /* Debug */ = {
			isa = XCBuildConfiguration;
			buildSettings = {
				ALWAYS_SEARCH_USER_PATHS = NO;
				ASSETCATALOG_COMPILER_GENERATE_SWIFT_ASSET_SYMBOL_EXTENSIONS = YES;
				CLANG_ANALYZER_NONNULL = YES;
				CLANG_ANALYZER_NUMBER_OBJECT_CONVERSION = YES_AGGRESSIVE;
				CLANG_CXX_LANGUAGE_STANDARD = "gnu++20";
				CLANG_ENABLE_MODULES = YES;
				CLANG_ENABLE_OBJC_ARC = YES;
				CLANG_ENABLE_OBJC_WEAK = YES;
				CLANG_WARN_BLOCK_CAPTURE_AUTORELEASING = YES;
				CLANG_WARN_BOOL_CONVERSION = YES;
				CLANG_WARN_COMMA = YES;
				CLANG_WARN_CONSTANT_CONVERSION = YES;
				CLANG_WARN_DEPRECATED_OBJC_IMPLEMENTATIONS = YES;
				CLANG_WARN_DIRECT_OBJC_ISA_USAGE = YES_ERROR;
				CLANG_WARN_DOCUMENTATION_COMMENTS = YES;
				CLANG_WARN_EMPTY_BODY = YES;
				CLANG_WARN_ENUM_CONVERSION = YES;
				CLANG_WARN_INFINITE_RECURSION = YES;
				CLANG_WARN_INT_CONVERSION = YES;
				CLANG_WARN_NON_LITERAL_NULL_CONVERSION = YES;
				CLANG_WARN_OBJC_IMPLICIT_RETAIN_SELF = YES;
				CLANG_WARN_OBJC_LITERAL_CONVERSION = YES;
				CLANG_WARN_OBJC_ROOT_CLASS = YES_ERROR;
				CLANG_WARN_QUOTED_INCLUDE_IN_FRAMEWORK_HEADER = YES;
				CLANG_WARN_RANGE_LOOP_ANALYSIS = YES;
				CLANG_WARN_STRICT_PROTOTYPES = YES;
				CLANG_WARN_SUSPICIOUS_MOVE = YES;
				CLANG_WARN_UNGUARDED_AVAILABILITY = YES_AGGRESSIVE;
				CLANG_WARN_UNREACHABLE_CODE = YES;
				CLANG_WARN__DUPLICATE_METHOD_MATCH = YES;
				COPY_PHASE_STRIP = NO;
				DEBUG_INFORMATION_FORMAT = dwarf;
				ENABLE_STRICT_OBJC_MSGSEND = YES;
				ENABLE_TESTABILITY = YES;
				ENABLE_USER_SCRIPT_SANDBOXING = YES;
				GCC_C_LANGUAGE_STANDARD = gnu17;
				GCC_DYNAMIC_NO_PIC = NO;
				GCC_NO_COMMON_BLOCKS = YES;
				GCC_OPTIMIZATION_LEVEL = 0;
				GCC_PREPROCESSOR_DEFINITIONS = (
					"DEBUG=1",
					"$(inherited)",
				);
				GCC_WARN_64_TO_32_BIT_CONVERSION = YES;
				GCC_WARN_ABOUT_RETURN_TYPE = YES_ERROR;
				GCC_WARN_UNDECLARED_SELECTOR = YES;
				GCC_WARN_UNINITIALIZED_AUTOS = YES_AGGRESSIVE;
				GCC_WARN_UNUSED_FUNCTION = YES;
				GCC_WARN_UNUSED_VARIABLE = YES;
				LOCALIZATION_PREFERS_STRING_CATALOGS = YES;
				MTL_ENABLE_DEBUG_INFO = INCLUDE_SOURCE;
				MTL_FAST_MATH = YES;
				ONLY_ACTIVE_ARCH = YES;
				SWIFT_ACTIVE_COMPILATION_CONDITIONS = "DEBUG $(inherited)";
				SWIFT_OPTIMIZATION_LEVEL = "-Onone";
			};
			name = Debug;
		};
		D0A62D082B4F702F000E0420 /* Release */ = {
			isa = XCBuildConfiguration;
			buildSettings = {
				ALWAYS_SEARCH_USER_PATHS = NO;
				ASSETCATALOG_COMPILER_GENERATE_SWIFT_ASSET_SYMBOL_EXTENSIONS = YES;
				CLANG_ANALYZER_NONNULL = YES;
				CLANG_ANALYZER_NUMBER_OBJECT_CONVERSION = YES_AGGRESSIVE;
				CLANG_CXX_LANGUAGE_STANDARD = "gnu++20";
				CLANG_ENABLE_MODULES = YES;
				CLANG_ENABLE_OBJC_ARC = YES;
				CLANG_ENABLE_OBJC_WEAK = YES;
				CLANG_WARN_BLOCK_CAPTURE_AUTORELEASING = YES;
				CLANG_WARN_BOOL_CONVERSION = YES;
				CLANG_WARN_COMMA = YES;
				CLANG_WARN_CONSTANT_CONVERSION = YES;
				CLANG_WARN_DEPRECATED_OBJC_IMPLEMENTATIONS = YES;
				CLANG_WARN_DIRECT_OBJC_ISA_USAGE = YES_ERROR;
				CLANG_WARN_DOCUMENTATION_COMMENTS = YES;
				CLANG_WARN_EMPTY_BODY = YES;
				CLANG_WARN_ENUM_CONVERSION = YES;
				CLANG_WARN_INFINITE_RECURSION = YES;
				CLANG_WARN_INT_CONVERSION = YES;
				CLANG_WARN_NON_LITERAL_NULL_CONVERSION = YES;
				CLANG_WARN_OBJC_IMPLICIT_RETAIN_SELF = YES;
				CLANG_WARN_OBJC_LITERAL_CONVERSION = YES;
				CLANG_WARN_OBJC_ROOT_CLASS = YES_ERROR;
				CLANG_WARN_QUOTED_INCLUDE_IN_FRAMEWORK_HEADER = YES;
				CLANG_WARN_RANGE_LOOP_ANALYSIS = YES;
				CLANG_WARN_STRICT_PROTOTYPES = YES;
				CLANG_WARN_SUSPICIOUS_MOVE = YES;
				CLANG_WARN_UNGUARDED_AVAILABILITY = YES_AGGRESSIVE;
				CLANG_WARN_UNREACHABLE_CODE = YES;
				CLANG_WARN__DUPLICATE_METHOD_MATCH = YES;
				COPY_PHASE_STRIP = NO;
				DEBUG_INFORMATION_FORMAT = "dwarf-with-dsym";
				ENABLE_NS_ASSERTIONS = NO;
				ENABLE_STRICT_OBJC_MSGSEND = YES;
				ENABLE_USER_SCRIPT_SANDBOXING = YES;
				GCC_C_LANGUAGE_STANDARD = gnu17;
				GCC_NO_COMMON_BLOCKS = YES;
				GCC_WARN_64_TO_32_BIT_CONVERSION = YES;
				GCC_WARN_ABOUT_RETURN_TYPE = YES_ERROR;
				GCC_WARN_UNDECLARED_SELECTOR = YES;
				GCC_WARN_UNINITIALIZED_AUTOS = YES_AGGRESSIVE;
				GCC_WARN_UNUSED_FUNCTION = YES;
				GCC_WARN_UNUSED_VARIABLE = YES;
				LOCALIZATION_PREFERS_STRING_CATALOGS = YES;
				MTL_ENABLE_DEBUG_INFO = NO;
				MTL_FAST_MATH = YES;
				SWIFT_COMPILATION_MODE = wholemodule;
			};
			name = Release;
		};
		D0A62D0A2B4F702F000E0420 /* Debug */ = {
			isa = XCBuildConfiguration;
			buildSettings = {
				ASSETCATALOG_COMPILER_APPICON_NAME = AppIcon;
				ASSETCATALOG_COMPILER_GLOBAL_ACCENT_COLOR_NAME = AccentColor;
				CODE_SIGN_ENTITLEMENTS = "Foster Lancaster Official/Foster_Lancaster_Official.entitlements";
				CODE_SIGN_STYLE = Automatic;
				CURRENT_PROJECT_VERSION = 1;
				DEVELOPMENT_ASSET_PATHS = "\"Foster Lancaster Official/Preview Content\"";
				DEVELOPMENT_TEAM = Q55N7ZYK32;
				ENABLE_HARDENED_RUNTIME = YES;
				ENABLE_PREVIEWS = YES;
				GENERATE_INFOPLIST_FILE = YES;
				"INFOPLIST_KEY_UIApplicationSceneManifest_Generation[sdk=iphoneos*]" = YES;
				"INFOPLIST_KEY_UIApplicationSceneManifest_Generation[sdk=iphonesimulator*]" = YES;
				"INFOPLIST_KEY_UIApplicationSupportsIndirectInputEvents[sdk=iphoneos*]" = YES;
				"INFOPLIST_KEY_UIApplicationSupportsIndirectInputEvents[sdk=iphonesimulator*]" = YES;
				"INFOPLIST_KEY_UILaunchScreen_Generation[sdk=iphoneos*]" = YES;
				"INFOPLIST_KEY_UILaunchScreen_Generation[sdk=iphonesimulator*]" = YES;
				"INFOPLIST_KEY_UIStatusBarStyle[sdk=iphoneos*]" = UIStatusBarStyleDefault;
				"INFOPLIST_KEY_UIStatusBarStyle[sdk=iphonesimulator*]" = UIStatusBarStyleDefault;
				INFOPLIST_KEY_UISupportedInterfaceOrientations_iPad = "UIInterfaceOrientationPortrait UIInterfaceOrientationPortraitUpsideDown UIInterfaceOrientationLandscapeLeft UIInterfaceOrientationLandscapeRight";
				INFOPLIST_KEY_UISupportedInterfaceOrientations_iPhone = "UIInterfaceOrientationPortrait UIInterfaceOrientationLandscapeLeft UIInterfaceOrientationLandscapeRight";
				IPHONEOS_DEPLOYMENT_TARGET = 17.0;
				LD_RUNPATH_SEARCH_PATHS = "@executable_path/Frameworks";
				"LD_RUNPATH_SEARCH_PATHS[sdk=macosx*]" = "@executable_path/../Frameworks";
				MACOSX_DEPLOYMENT_TARGET = 14.0;
				MARKETING_VERSION = 1.0;
				PRODUCT_BUNDLE_IDENTIFIER = "Foster-Thompson.Foster-Lancaster-Official";
				PRODUCT_NAME = "$(TARGET_NAME)";
				SDKROOT = auto;
				SUPPORTED_PLATFORMS = "iphoneos iphonesimulator macosx";
				SWIFT_EMIT_LOC_STRINGS = YES;
				SWIFT_VERSION = 5.0;
				TARGETED_DEVICE_FAMILY = "1,2";
			};
			name = Debug;
		};
		D0A62D0B2B4F702F000E0420 /* Release */ = {
			isa = XCBuildConfiguration;
			buildSettings = {
				ASSETCATALOG_COMPILER_APPICON_NAME = AppIcon;
				ASSETCATALOG_COMPILER_GLOBAL_ACCENT_COLOR_NAME = AccentColor;
				CODE_SIGN_ENTITLEMENTS = "Foster Lancaster Official/Foster_Lancaster_Official.entitlements";
				CODE_SIGN_STYLE = Automatic;
				CURRENT_PROJECT_VERSION = 1;
				DEVELOPMENT_ASSET_PATHS = "\"Foster Lancaster Official/Preview Content\"";
				DEVELOPMENT_TEAM = Q55N7ZYK32;
				ENABLE_HARDENED_RUNTIME = YES;
				ENABLE_PREVIEWS = YES;
				GENERATE_INFOPLIST_FILE = YES;
				"INFOPLIST_KEY_UIApplicationSceneManifest_Generation[sdk=iphoneos*]" = YES;
				"INFOPLIST_KEY_UIApplicationSceneManifest_Generation[sdk=iphonesimulator*]" = YES;
				"INFOPLIST_KEY_UIApplicationSupportsIndirectInputEvents[sdk=iphoneos*]" = YES;
				"INFOPLIST_KEY_UIApplicationSupportsIndirectInputEvents[sdk=iphonesimulator*]" = YES;
				"INFOPLIST_KEY_UILaunchScreen_Generation[sdk=iphoneos*]" = YES;
				"INFOPLIST_KEY_UILaunchScreen_Generation[sdk=iphonesimulator*]" = YES;
				"INFOPLIST_KEY_UIStatusBarStyle[sdk=iphoneos*]" = UIStatusBarStyleDefault;
				"INFOPLIST_KEY_UIStatusBarStyle[sdk=iphonesimulator*]" = UIStatusBarStyleDefault;
				INFOPLIST_KEY_UISupportedInterfaceOrientations_iPad = "UIInterfaceOrientationPortrait UIInterfaceOrientationPortraitUpsideDown UIInterfaceOrientationLandscapeLeft UIInterfaceOrientationLandscapeRight";
				INFOPLIST_KEY_UISupportedInterfaceOrientations_iPhone = "UIInterfaceOrientationPortrait UIInterfaceOrientationLandscapeLeft UIInterfaceOrientationLandscapeRight";
				IPHONEOS_DEPLOYMENT_TARGET = 17.0;
				LD_RUNPATH_SEARCH_PATHS = "@executable_path/Frameworks";
				"LD_RUNPATH_SEARCH_PATHS[sdk=macosx*]" = "@executable_path/../Frameworks";
				MACOSX_DEPLOYMENT_TARGET = 14.0;
				MARKETING_VERSION = 1.0;
				PRODUCT_BUNDLE_IDENTIFIER = "Foster-Thompson.Foster-Lancaster-Official";
				PRODUCT_NAME = "$(TARGET_NAME)";
				SDKROOT = auto;
				SUPPORTED_PLATFORMS = "iphoneos iphonesimulator macosx";
				SWIFT_EMIT_LOC_STRINGS = YES;
				SWIFT_VERSION = 5.0;
				TARGETED_DEVICE_FAMILY = "1,2";
			};
			name = Release;
		};
		D0A62D0D2B4F702F000E0420 /* Debug */ = {
			isa = XCBuildConfiguration;
			buildSettings = {
				ALWAYS_EMBED_SWIFT_STANDARD_LIBRARIES = YES;
				BUNDLE_LOADER = "$(TEST_HOST)";
				CODE_SIGN_STYLE = Automatic;
				CURRENT_PROJECT_VERSION = 1;
				DEVELOPMENT_TEAM = Q55N7ZYK32;
				GENERATE_INFOPLIST_FILE = YES;
				IPHONEOS_DEPLOYMENT_TARGET = 17.0;
				MACOSX_DEPLOYMENT_TARGET = 14.0;
				MARKETING_VERSION = 1.0;
				PRODUCT_BUNDLE_IDENTIFIER = "Foster-Thompson.Foster-Lancaster-OfficialTests";
				PRODUCT_NAME = "$(TARGET_NAME)";
				SDKROOT = auto;
				SUPPORTED_PLATFORMS = "iphoneos iphonesimulator macosx";
				SWIFT_EMIT_LOC_STRINGS = NO;
				SWIFT_VERSION = 5.0;
				TARGETED_DEVICE_FAMILY = "1,2";
				TEST_HOST = "$(BUILT_PRODUCTS_DIR)/Foster Lancaster Official.app/$(BUNDLE_EXECUTABLE_FOLDER_PATH)/Foster Lancaster Official";
			};
			name = Debug;
		};
		D0A62D0E2B4F702F000E0420 /* Release */ = {
			isa = XCBuildConfiguration;
			buildSettings = {
				ALWAYS_EMBED_SWIFT_STANDARD_LIBRARIES = YES;
				BUNDLE_LOADER = "$(TEST_HOST)";
				CODE_SIGN_STYLE = Automatic;
				CURRENT_PROJECT_VERSION = 1;
				DEVELOPMENT_TEAM = Q55N7ZYK32;
				GENERATE_INFOPLIST_FILE = YES;
				IPHONEOS_DEPLOYMENT_TARGET = 17.0;
				MACOSX_DEPLOYMENT_TARGET = 14.0;
				MARKETING_VERSION = 1.0;
				PRODUCT_BUNDLE_IDENTIFIER = "Foster-Thompson.Foster-Lancaster-OfficialTests";
				PRODUCT_NAME = "$(TARGET_NAME)";
				SDKROOT = auto;
				SUPPORTED_PLATFORMS = "iphoneos iphonesimulator macosx";
				SWIFT_EMIT_LOC_STRINGS = NO;
				SWIFT_VERSION = 5.0;
				TARGETED_DEVICE_FAMILY = "1,2";
				TEST_HOST = "$(BUILT_PRODUCTS_DIR)/Foster Lancaster Official.app/$(BUNDLE_EXECUTABLE_FOLDER_PATH)/Foster Lancaster Official";
			};
			name = Release;
		};
		D0A62D102B4F702F000E0420 /* Debug */ = {
			isa = XCBuildConfiguration;
			buildSettings = {
				ALWAYS_EMBED_SWIFT_STANDARD_LIBRARIES = YES;
				CODE_SIGN_STYLE = Automatic;
				CURRENT_PROJECT_VERSION = 1;
				DEVELOPMENT_TEAM = Q55N7ZYK32;
				GENERATE_INFOPLIST_FILE = YES;
				IPHONEOS_DEPLOYMENT_TARGET = 17.0;
				MACOSX_DEPLOYMENT_TARGET = 14.0;
				MARKETING_VERSION = 1.0;
				PRODUCT_BUNDLE_IDENTIFIER = "Foster-Thompson.Foster-Lancaster-OfficialUITests";
				PRODUCT_NAME = "$(TARGET_NAME)";
				SDKROOT = auto;
				SUPPORTED_PLATFORMS = "iphoneos iphonesimulator macosx";
				SWIFT_EMIT_LOC_STRINGS = NO;
				SWIFT_VERSION = 5.0;
				TARGETED_DEVICE_FAMILY = "1,2";
				TEST_TARGET_NAME = "Foster Lancaster Official";
			};
			name = Debug;
		};
		D0A62D112B4F702F000E0420 /* Release */ = {
			isa = XCBuildConfiguration;
			buildSettings = {
				ALWAYS_EMBED_SWIFT_STANDARD_LIBRARIES = YES;
				CODE_SIGN_STYLE = Automatic;
				CURRENT_PROJECT_VERSION = 1;
				DEVELOPMENT_TEAM = Q55N7ZYK32;
				GENERATE_INFOPLIST_FILE = YES;
				IPHONEOS_DEPLOYMENT_TARGET = 17.0;
				MACOSX_DEPLOYMENT_TARGET = 14.0;
				MARKETING_VERSION = 1.0;
				PRODUCT_BUNDLE_IDENTIFIER = "Foster-Thompson.Foster-Lancaster-OfficialUITests";
				PRODUCT_NAME = "$(TARGET_NAME)";
				SDKROOT = auto;
				SUPPORTED_PLATFORMS = "iphoneos iphonesimulator macosx";
				SWIFT_EMIT_LOC_STRINGS = NO;
				SWIFT_VERSION = 5.0;
				TARGETED_DEVICE_FAMILY = "1,2";
				TEST_TARGET_NAME = "Foster Lancaster Official";
			};
			name = Release;
		};
/* End XCBuildConfiguration section */

/* Begin XCConfigurationList section */
		D0A62CDF2B4F702E000E0420 /* Build configuration list for PBXProject "Foster Lancaster Official" */ = {
			isa = XCConfigurationList;
			buildConfigurations = (
				D0A62D072B4F702F000E0420 /* Debug */,
				D0A62D082B4F702F000E0420 /* Release */,
			);
			defaultConfigurationIsVisible = 0;
			defaultConfigurationName = Release;
		};
		D0A62D092B4F702F000E0420 /* Build configuration list for PBXNativeTarget "Foster Lancaster Official" */ = {
			isa = XCConfigurationList;
			buildConfigurations = (
				D0A62D0A2B4F702F000E0420 /* Debug */,
				D0A62D0B2B4F702F000E0420 /* Release */,
			);
			defaultConfigurationIsVisible = 0;
			defaultConfigurationName = Release;
		};
		D0A62D0C2B4F702F000E0420 /* Build configuration list for PBXNativeTarget "Foster Lancaster OfficialTests" */ = {
			isa = XCConfigurationList;
			buildConfigurations = (
				D0A62D0D2B4F702F000E0420 /* Debug */,
				D0A62D0E2B4F702F000E0420 /* Release */,
			);
			defaultConfigurationIsVisible = 0;
			defaultConfigurationName = Release;
		};
		D0A62D0F2B4F702F000E0420 /* Build configuration list for PBXNativeTarget "Foster Lancaster OfficialUITests" */ = {
			isa = XCConfigurationList;
			buildConfigurations = (
				D0A62D102B4F702F000E0420 /* Debug */,
				D0A62D112B4F702F000E0420 /* Release */,
			);
			defaultConfigurationIsVisible = 0;
			defaultConfigurationName = Release;
		};
/* End XCConfigurationList section */
	};
	rootObject = D0A62CDC2B4F702E000E0420 /* Project object */;
}
